// !$*UTF8*$!
{
	archiveVersion = 1;
	classes = {
	};
	objectVersion = 56;
	objects = {

/* Begin PBXBuildFile section */
		153FF0022BF6A3D900252B08 /* RealityKitContent in Frameworks */ = {isa = PBXBuildFile; productRef = 153FF0012BF6A3D900252B08 /* RealityKitContent */; };
		153FF0042BF6A3D900252B08 /* um_vision_osApp.swift in Sources */ = {isa = PBXBuildFile; fileRef = 153FF0032BF6A3D900252B08 /* um_vision_osApp.swift */; };
		153FF0062BF6A3D900252B08 /* ContentView.swift in Sources */ = {isa = PBXBuildFile; fileRef = 153FF0052BF6A3D900252B08 /* ContentView.swift */; };
		153FF0082BF6A3D900252B08 /* ImmersiveView.swift in Sources */ = {isa = PBXBuildFile; fileRef = 153FF0072BF6A3D900252B08 /* ImmersiveView.swift */; };
		153FF00A2BF6A3DA00252B08 /* Assets.xcassets in Resources */ = {isa = PBXBuildFile; fileRef = 153FF0092BF6A3DA00252B08 /* Assets.xcassets */; };
		153FF00D2BF6A3DA00252B08 /* Preview Assets.xcassets in Resources */ = {isa = PBXBuildFile; fileRef = 153FF00C2BF6A3DA00252B08 /* Preview Assets.xcassets */; };
		153FF0152BF6A5A900252B08 /* StarterView.swift in Sources */ = {isa = PBXBuildFile; fileRef = 153FF0142BF6A5A900252B08 /* StarterView.swift */; };
		153FF0172BF6A67100252B08 /* Restaurant.swift in Sources */ = {isa = PBXBuildFile; fileRef = 153FF0162BF6A67100252B08 /* Restaurant.swift */; };
		153FF0192BF6A6DD00252B08 /* RestaurantsViewModel.swift in Sources */ = {isa = PBXBuildFile; fileRef = 153FF0182BF6A6DD00252B08 /* RestaurantsViewModel.swift */; };
		153FF01B2BF6A72A00252B08 /* RestaurantView.swift in Sources */ = {isa = PBXBuildFile; fileRef = 153FF01A2BF6A72A00252B08 /* RestaurantView.swift */; };
		153FF01D2BF6A7E900252B08 /* NetworkService.swift in Sources */ = {isa = PBXBuildFile; fileRef = 153FF01C2BF6A7E900252B08 /* NetworkService.swift */; };
		155D6CD02BF6B7BB0061020E /* Pizza.usdz in Resources */ = {isa = PBXBuildFile; fileRef = 155D6CCF2BF6B7BB0061020E /* Pizza.usdz */; };
/* End PBXBuildFile section */

/* Begin PBXFileReference section */
		153FEFFC2BF6A3D900252B08 /* um-vision-os.app */ = {isa = PBXFileReference; explicitFileType = wrapper.application; includeInIndex = 0; path = "um-vision-os.app"; sourceTree = BUILT_PRODUCTS_DIR; };
		153FF0002BF6A3D900252B08 /* RealityKitContent */ = {isa = PBXFileReference; lastKnownFileType = wrapper; path = RealityKitContent; sourceTree = "<group>"; };
		153FF0032BF6A3D900252B08 /* um_vision_osApp.swift */ = {isa = PBXFileReference; lastKnownFileType = sourcecode.swift; path = um_vision_osApp.swift; sourceTree = "<group>"; };
		153FF0052BF6A3D900252B08 /* ContentView.swift */ = {isa = PBXFileReference; lastKnownFileType = sourcecode.swift; path = ContentView.swift; sourceTree = "<group>"; };
		153FF0072BF6A3D900252B08 /* ImmersiveView.swift */ = {isa = PBXFileReference; lastKnownFileType = sourcecode.swift; path = ImmersiveView.swift; sourceTree = "<group>"; };
		153FF0092BF6A3DA00252B08 /* Assets.xcassets */ = {isa = PBXFileReference; lastKnownFileType = folder.assetcatalog; path = Assets.xcassets; sourceTree = "<group>"; };
		153FF00C2BF6A3DA00252B08 /* Preview Assets.xcassets */ = {isa = PBXFileReference; lastKnownFileType = folder.assetcatalog; path = "Preview Assets.xcassets"; sourceTree = "<group>"; };
		153FF00E2BF6A3DA00252B08 /* Info.plist */ = {isa = PBXFileReference; lastKnownFileType = text.plist.xml; path = Info.plist; sourceTree = "<group>"; };
		153FF0142BF6A5A900252B08 /* StarterView.swift */ = {isa = PBXFileReference; lastKnownFileType = sourcecode.swift; path = StarterView.swift; sourceTree = "<group>"; };
		153FF0162BF6A67100252B08 /* Restaurant.swift */ = {isa = PBXFileReference; lastKnownFileType = sourcecode.swift; path = Restaurant.swift; sourceTree = "<group>"; };
		153FF0182BF6A6DD00252B08 /* RestaurantsViewModel.swift */ = {isa = PBXFileReference; lastKnownFileType = sourcecode.swift; path = RestaurantsViewModel.swift; sourceTree = "<group>"; };
		153FF01A2BF6A72A00252B08 /* RestaurantView.swift */ = {isa = PBXFileReference; lastKnownFileType = sourcecode.swift; path = RestaurantView.swift; sourceTree = "<group>"; };
		153FF01C2BF6A7E900252B08 /* NetworkService.swift */ = {isa = PBXFileReference; lastKnownFileType = sourcecode.swift; path = NetworkService.swift; sourceTree = "<group>"; };
		155D6CCF2BF6B7BB0061020E /* Pizza.usdz */ = {isa = PBXFileReference; lastKnownFileType = file.usdz; name = Pizza.usdz; path = ../../../../../Downloads/Pizza.usdz; sourceTree = "<group>"; };
/* End PBXFileReference section */

/* Begin PBXFrameworksBuildPhase section */
		153FEFF92BF6A3D900252B08 /* Frameworks */ = {
			isa = PBXFrameworksBuildPhase;
			buildActionMask = 2147483647;
			files = (
				153FF0022BF6A3D900252B08 /* RealityKitContent in Frameworks */,
			);
			runOnlyForDeploymentPostprocessing = 0;
		};
/* End PBXFrameworksBuildPhase section */

/* Begin PBXGroup section */
		153FEFF32BF6A3D900252B08 = {
			isa = PBXGroup;
			children = (
				153FEFFE2BF6A3D900252B08 /* um-vision-os */,
				153FEFFF2BF6A3D900252B08 /* Packages */,
				153FEFFD2BF6A3D900252B08 /* Products */,
			);
			sourceTree = "<group>";
		};
		153FEFFD2BF6A3D900252B08 /* Products */ = {
			isa = PBXGroup;
			children = (
				153FEFFC2BF6A3D900252B08 /* um-vision-os.app */,
			);
			name = Products;
			sourceTree = "<group>";
		};
		153FEFFE2BF6A3D900252B08 /* um-vision-os */ = {
			isa = PBXGroup;
			children = (
				153FF0032BF6A3D900252B08 /* um_vision_osApp.swift */,
				153FF01C2BF6A7E900252B08 /* NetworkService.swift */,
				153FF0162BF6A67100252B08 /* Restaurant.swift */,
				153FF0182BF6A6DD00252B08 /* RestaurantsViewModel.swift */,
				153FF0052BF6A3D900252B08 /* ContentView.swift */,
				153FF0072BF6A3D900252B08 /* ImmersiveView.swift */,
				153FF0142BF6A5A900252B08 /* StarterView.swift */,
				153FF01A2BF6A72A00252B08 /* RestaurantView.swift */,
				153FF0092BF6A3DA00252B08 /* Assets.xcassets */,
				155D6CCF2BF6B7BB0061020E /* Pizza.usdz */,
				153FF00E2BF6A3DA00252B08 /* Info.plist */,
				153FF00B2BF6A3DA00252B08 /* Preview Content */,
			);
			path = "um-vision-os";
			sourceTree = "<group>";
		};
		153FEFFF2BF6A3D900252B08 /* Packages */ = {
			isa = PBXGroup;
			children = (
				153FF0002BF6A3D900252B08 /* RealityKitContent */,
			);
			path = Packages;
			sourceTree = "<group>";
		};
		153FF00B2BF6A3DA00252B08 /* Preview Content */ = {
			isa = PBXGroup;
			children = (
				153FF00C2BF6A3DA00252B08 /* Preview Assets.xcassets */,
			);
			path = "Preview Content";
			sourceTree = "<group>";
		};
/* End PBXGroup section */

/* Begin PBXNativeTarget section */
		153FEFFB2BF6A3D900252B08 /* um-vision-os */ = {
			isa = PBXNativeTarget;
			buildConfigurationList = 153FF0112BF6A3DA00252B08 /* Build configuration list for PBXNativeTarget "um-vision-os" */;
			buildPhases = (
				153FEFF82BF6A3D900252B08 /* Sources */,
				153FEFF92BF6A3D900252B08 /* Frameworks */,
				153FEFFA2BF6A3D900252B08 /* Resources */,
			);
			buildRules = (
			);
			dependencies = (
			);
			name = "um-vision-os";
			packageProductDependencies = (
				153FF0012BF6A3D900252B08 /* RealityKitContent */,
			);
			productName = "um-vision-os";
			productReference = 153FEFFC2BF6A3D900252B08 /* um-vision-os.app */;
			productType = "com.apple.product-type.application";
		};
/* End PBXNativeTarget section */

/* Begin PBXProject section */
		153FEFF42BF6A3D900252B08 /* Project object */ = {
			isa = PBXProject;
			attributes = {
				BuildIndependentTargetsInParallel = 1;
				LastSwiftUpdateCheck = 1530;
				LastUpgradeCheck = 1530;
				TargetAttributes = {
					153FEFFB2BF6A3D900252B08 = {
						CreatedOnToolsVersion = 15.3;
					};
				};
			};
			buildConfigurationList = 153FEFF72BF6A3D900252B08 /* Build configuration list for PBXProject "um-vision-os" */;
			compatibilityVersion = "Xcode 14.0";
			developmentRegion = en;
			hasScannedForEncodings = 0;
			knownRegions = (
				en,
				Base,
			);
			mainGroup = 153FEFF32BF6A3D900252B08;
			productRefGroup = 153FEFFD2BF6A3D900252B08 /* Products */;
			projectDirPath = "";
			projectRoot = "";
			targets = (
				153FEFFB2BF6A3D900252B08 /* um-vision-os */,
			);
		};
/* End PBXProject section */

/* Begin PBXResourcesBuildPhase section */
		153FEFFA2BF6A3D900252B08 /* Resources */ = {
			isa = PBXResourcesBuildPhase;
			buildActionMask = 2147483647;
			files = (
				155D6CD02BF6B7BB0061020E /* Pizza.usdz in Resources */,
				153FF00D2BF6A3DA00252B08 /* Preview Assets.xcassets in Resources */,
				153FF00A2BF6A3DA00252B08 /* Assets.xcassets in Resources */,
			);
			runOnlyForDeploymentPostprocessing = 0;
		};
/* End PBXResourcesBuildPhase section */

/* Begin PBXSourcesBuildPhase section */
		153FEFF82BF6A3D900252B08 /* Sources */ = {
			isa = PBXSourcesBuildPhase;
			buildActionMask = 2147483647;
			files = (
				153FF0172BF6A67100252B08 /* Restaurant.swift in Sources */,
				153FF0192BF6A6DD00252B08 /* RestaurantsViewModel.swift in Sources */,
				153FF01D2BF6A7E900252B08 /* NetworkService.swift in Sources */,
				153FF0062BF6A3D900252B08 /* ContentView.swift in Sources */,
				153FF0042BF6A3D900252B08 /* um_vision_osApp.swift in Sources */,
				153FF0152BF6A5A900252B08 /* StarterView.swift in Sources */,
				153FF0082BF6A3D900252B08 /* ImmersiveView.swift in Sources */,
				153FF01B2BF6A72A00252B08 /* RestaurantView.swift in Sources */,
			);
			runOnlyForDeploymentPostprocessing = 0;
		};
/* End PBXSourcesBuildPhase section */

/* Begin XCBuildConfiguration section */
		153FF00F2BF6A3DA00252B08 /* Debug */ = {
			isa = XCBuildConfiguration;
			buildSettings = {
				ALWAYS_SEARCH_USER_PATHS = NO;
				ASSETCATALOG_COMPILER_GENERATE_SWIFT_ASSET_SYMBOL_EXTENSIONS = YES;
				CLANG_ANALYZER_NONNULL = YES;
				CLANG_ANALYZER_NUMBER_OBJECT_CONVERSION = YES_AGGRESSIVE;
				CLANG_CXX_LANGUAGE_STANDARD = "gnu++20";
				CLANG_ENABLE_MODULES = YES;
				CLANG_ENABLE_OBJC_ARC = YES;
				CLANG_ENABLE_OBJC_WEAK = YES;
				CLANG_WARN_BLOCK_CAPTURE_AUTORELEASING = YES;
				CLANG_WARN_BOOL_CONVERSION = YES;
				CLANG_WARN_COMMA = YES;
				CLANG_WARN_CONSTANT_CONVERSION = YES;
				CLANG_WARN_DEPRECATED_OBJC_IMPLEMENTATIONS = YES;
				CLANG_WARN_DIRECT_OBJC_ISA_USAGE = YES_ERROR;
				CLANG_WARN_DOCUMENTATION_COMMENTS = YES;
				CLANG_WARN_EMPTY_BODY = YES;
				CLANG_WARN_ENUM_CONVERSION = YES;
				CLANG_WARN_INFINITE_RECURSION = YES;
				CLANG_WARN_INT_CONVERSION = YES;
				CLANG_WARN_NON_LITERAL_NULL_CONVERSION = YES;
				CLANG_WARN_OBJC_IMPLICIT_RETAIN_SELF = YES;
				CLANG_WARN_OBJC_LITERAL_CONVERSION = YES;
				CLANG_WARN_OBJC_ROOT_CLASS = YES_ERROR;
				CLANG_WARN_QUOTED_INCLUDE_IN_FRAMEWORK_HEADER = YES;
				CLANG_WARN_RANGE_LOOP_ANALYSIS = YES;
				CLANG_WARN_STRICT_PROTOTYPES = YES;
				CLANG_WARN_SUSPICIOUS_MOVE = YES;
				CLANG_WARN_UNGUARDED_AVAILABILITY = YES_AGGRESSIVE;
				CLANG_WARN_UNREACHABLE_CODE = YES;
				CLANG_WARN__DUPLICATE_METHOD_MATCH = YES;
				COPY_PHASE_STRIP = NO;
				DEBUG_INFORMATION_FORMAT = dwarf;
				ENABLE_STRICT_OBJC_MSGSEND = YES;
				ENABLE_TESTABILITY = YES;
				ENABLE_USER_SCRIPT_SANDBOXING = YES;
				GCC_C_LANGUAGE_STANDARD = gnu17;
				GCC_DYNAMIC_NO_PIC = NO;
				GCC_NO_COMMON_BLOCKS = YES;
				GCC_OPTIMIZATION_LEVEL = 0;
				GCC_PREPROCESSOR_DEFINITIONS = (
					"DEBUG=1",
					"$(inherited)",
				);
				GCC_WARN_64_TO_32_BIT_CONVERSION = YES;
				GCC_WARN_ABOUT_RETURN_TYPE = YES_ERROR;
				GCC_WARN_UNDECLARED_SELECTOR = YES;
				GCC_WARN_UNINITIALIZED_AUTOS = YES_AGGRESSIVE;
				GCC_WARN_UNUSED_FUNCTION = YES;
				GCC_WARN_UNUSED_VARIABLE = YES;
				LOCALIZATION_PREFERS_STRING_CATALOGS = YES;
				MTL_ENABLE_DEBUG_INFO = INCLUDE_SOURCE;
				MTL_FAST_MATH = YES;
				ONLY_ACTIVE_ARCH = YES;
				SDKROOT = xros;
				SWIFT_ACTIVE_COMPILATION_CONDITIONS = "DEBUG $(inherited)";
				SWIFT_OPTIMIZATION_LEVEL = "-Onone";
				XROS_DEPLOYMENT_TARGET = 1.1;
			};
			name = Debug;
		};
		153FF0102BF6A3DA00252B08 /* Release */ = {
			isa = XCBuildConfiguration;
			buildSettings = {
				ALWAYS_SEARCH_USER_PATHS = NO;
				ASSETCATALOG_COMPILER_GENERATE_SWIFT_ASSET_SYMBOL_EXTENSIONS = YES;
				CLANG_ANALYZER_NONNULL = YES;
				CLANG_ANALYZER_NUMBER_OBJECT_CONVERSION = YES_AGGRESSIVE;
				CLANG_CXX_LANGUAGE_STANDARD = "gnu++20";
				CLANG_ENABLE_MODULES = YES;
				CLANG_ENABLE_OBJC_ARC = YES;
				CLANG_ENABLE_OBJC_WEAK = YES;
				CLANG_WARN_BLOCK_CAPTURE_AUTORELEASING = YES;
				CLANG_WARN_BOOL_CONVERSION = YES;
				CLANG_WARN_COMMA = YES;
				CLANG_WARN_CONSTANT_CONVERSION = YES;
				CLANG_WARN_DEPRECATED_OBJC_IMPLEMENTATIONS = YES;
				CLANG_WARN_DIRECT_OBJC_ISA_USAGE = YES_ERROR;
				CLANG_WARN_DOCUMENTATION_COMMENTS = YES;
				CLANG_WARN_EMPTY_BODY = YES;
				CLANG_WARN_ENUM_CONVERSION = YES;
				CLANG_WARN_INFINITE_RECURSION = YES;
				CLANG_WARN_INT_CONVERSION = YES;
				CLANG_WARN_NON_LITERAL_NULL_CONVERSION = YES;
				CLANG_WARN_OBJC_IMPLICIT_RETAIN_SELF = YES;
				CLANG_WARN_OBJC_LITERAL_CONVERSION = YES;
				CLANG_WARN_OBJC_ROOT_CLASS = YES_ERROR;
				CLANG_WARN_QUOTED_INCLUDE_IN_FRAMEWORK_HEADER = YES;
				CLANG_WARN_RANGE_LOOP_ANALYSIS = YES;
				CLANG_WARN_STRICT_PROTOTYPES = YES;
				CLANG_WARN_SUSPICIOUS_MOVE = YES;
				CLANG_WARN_UNGUARDED_AVAILABILITY = YES_AGGRESSIVE;
				CLANG_WARN_UNREACHABLE_CODE = YES;
				CLANG_WARN__DUPLICATE_METHOD_MATCH = YES;
				COPY_PHASE_STRIP = NO;
				DEBUG_INFORMATION_FORMAT = "dwarf-with-dsym";
				ENABLE_NS_ASSERTIONS = NO;
				ENABLE_STRICT_OBJC_MSGSEND = YES;
				ENABLE_USER_SCRIPT_SANDBOXING = YES;
				GCC_C_LANGUAGE_STANDARD = gnu17;
				GCC_NO_COMMON_BLOCKS = YES;
				GCC_WARN_64_TO_32_BIT_CONVERSION = YES;
				GCC_WARN_ABOUT_RETURN_TYPE = YES_ERROR;
				GCC_WARN_UNDECLARED_SELECTOR = YES;
				GCC_WARN_UNINITIALIZED_AUTOS = YES_AGGRESSIVE;
				GCC_WARN_UNUSED_FUNCTION = YES;
				GCC_WARN_UNUSED_VARIABLE = YES;
				LOCALIZATION_PREFERS_STRING_CATALOGS = YES;
				MTL_ENABLE_DEBUG_INFO = NO;
				MTL_FAST_MATH = YES;
				SDKROOT = xros;
				SWIFT_COMPILATION_MODE = wholemodule;
				VALIDATE_PRODUCT = YES;
				XROS_DEPLOYMENT_TARGET = 1.1;
			};
			name = Release;
		};
		153FF0122BF6A3DA00252B08 /* Debug */ = {
			isa = XCBuildConfiguration;
			buildSettings = {
				ASSETCATALOG_COMPILER_APPICON_NAME = AppIcon;
				ASSETCATALOG_COMPILER_GLOBAL_ACCENT_COLOR_NAME = AccentColor;
				CODE_SIGN_STYLE = Automatic;
				CURRENT_PROJECT_VERSION = 1;
				DEVELOPMENT_ASSET_PATHS = "\"um-vision-os/Preview Content\"";
				DEVELOPMENT_TEAM = XAA222ZJAC;
				ENABLE_PREVIEWS = YES;
				GENERATE_INFOPLIST_FILE = YES;
				INFOPLIST_FILE = "$(TARGET_NAME)/Info.plist";
				LD_RUNPATH_SEARCH_PATHS = (
					"$(inherited)",
					"@executable_path/Frameworks",
				);
				MARKETING_VERSION = 1.0;
				PRODUCT_BUNDLE_IDENTIFIER = "com.kd.um-vision-os";
				PRODUCT_NAME = "$(TARGET_NAME)";
				SUPPORTED_PLATFORMS = "xros xrsimulator";
				SWIFT_EMIT_LOC_STRINGS = YES;
				SWIFT_VERSION = 5.0;
				TARGETED_DEVICE_FAMILY = "1,2,7";
			};
			name = Debug;
		};
		153FF0132BF6A3DA00252B08 /* Release */ = {
			isa = XCBuildConfiguration;
			buildSettings = {
				ASSETCATALOG_COMPILER_APPICON_NAME = AppIcon;
				ASSETCATALOG_COMPILER_GLOBAL_ACCENT_COLOR_NAME = AccentColor;
				CODE_SIGN_STYLE = Automatic;
				CURRENT_PROJECT_VERSION = 1;
				DEVELOPMENT_ASSET_PATHS = "\"um-vision-os/Preview Content\"";
				DEVELOPMENT_TEAM = XAA222ZJAC;
				ENABLE_PREVIEWS = YES;
				GENERATE_INFOPLIST_FILE = YES;
				INFOPLIST_FILE = "$(TARGET_NAME)/Info.plist";
				LD_RUNPATH_SEARCH_PATHS = (
					"$(inherited)",
					"@executable_path/Frameworks",
				);
				MARKETING_VERSION = 1.0;
				PRODUCT_BUNDLE_IDENTIFIER = "com.kd.um-vision-os";
				PRODUCT_NAME = "$(TARGET_NAME)";
				SUPPORTED_PLATFORMS = "xros xrsimulator";
				SWIFT_EMIT_LOC_STRINGS = YES;
				SWIFT_VERSION = 5.0;
				TARGETED_DEVICE_FAMILY = "1,2,7";
			};
			name = Release;
		};
/* End XCBuildConfiguration section */

/* Begin XCConfigurationList section */
		153FEFF72BF6A3D900252B08 /* Build configuration list for PBXProject "um-vision-os" */ = {
			isa = XCConfigurationList;
			buildConfigurations = (
				153FF00F2BF6A3DA00252B08 /* Debug */,
				153FF0102BF6A3DA00252B08 /* Release */,
			);
			defaultConfigurationIsVisible = 0;
			defaultConfigurationName = Release;
		};
		153FF0112BF6A3DA00252B08 /* Build configuration list for PBXNativeTarget "um-vision-os" */ = {
			isa = XCConfigurationList;
			buildConfigurations = (
				153FF0122BF6A3DA00252B08 /* Debug */,
				153FF0132BF6A3DA00252B08 /* Release */,
			);
			defaultConfigurationIsVisible = 0;
			defaultConfigurationName = Release;
		};
/* End XCConfigurationList section */

/* Begin XCSwiftPackageProductDependency section */
		153FF0012BF6A3D900252B08 /* RealityKitContent */ = {
			isa = XCSwiftPackageProductDependency;
			productName = RealityKitContent;
		};
/* End XCSwiftPackageProductDependency section */
	};
	rootObject = 153FEFF42BF6A3D900252B08 /* Project object */;
}
